github.com/go-chi/chi/v5 v5.0.10 h1:rLz5avzKpjqxrYwXNfmjkrYYXOyLJd37pz53UFHC6vk=
github.com/go-chi/chi/v5 v5.0.10/go.mod h1:DslCQbL2OYiznFReuXYUmQ2hGd1aDpCnlMNITLSKoi8=
github.com/go-chi/httprate v0.15.0 h1:j54xcWV9KGmPf/X4H32/aTH+wBlrvxL7P+SdnRqxh5g=
github.com/go-chi/httprate v0.15.0/go.mod h1:rzGHhVrsBn3IMLYDOZQsSU4fJNWcjui4fWKJcCId1R4=
github.com/golang-jwt/jwt/v5 v5.0.0 h1:1n1XNM9hk7O9mnQoNBGolZvzebBQ7p93ULHRc28XJUE=
github.com/golang-jwt/jwt/v5 v5.0.0/go.mod h1:pqrtFR0X4osieyHYxtmOUWsAWrfe1Q5UVIyoH402zdk=
github.com/gorilla/websocket v1.5.0 h1:PPwGk2jz7EePpoHN/+ClbZu8SPxiqlu12wZP/3sWmnc=
github.com/gorilla/websocket v1.5.0/go.mod h1:YR8l580nyteQvAITg2hZ9XVh4b55+EU/adAjf1fMHhE=
github.com/klauspost/cpuid/v2 v2.2.10 h1:tBs3QSyvjDyFTq3uoc/9xFpCuOsJQFNPiAhYdw2skhE=
github.com/klauspost/cpuid/v2 v2.2.10/go.mod h1:hqwkgyIinND0mEev00jJYCxPNVRVXFQeu1XKlok6oO0=
github.com/lib/pq v1.12.1 h1:x1nbl/338GLqeDJ/FAiILallhAsqubLzEZu/pXtHUow=
github.com/lib/pq v1.12.1/go.mod h1:/p+8NSbOcwzAEI7wiMXFlgydTwcgTr3OSKMsD2BitpA=
github.com/mattn/go-sqlite3 v1.14.16 h1:yOQRA0RpS5PFz/oikGwBEqvAWhWg5ufRz4ETLjwpU1Y=
github.com/mattn/go-sqlite3 v1.14.16/go.mod h1:2eHXhiwb8IkHr+BDWZGa96P6+rkvnG63S2DGjv9HUNg=
github.com/zeebo/xxh3 v1.0.2 h1:xZmwmqxHZA8AI603jOQ0tMqmBr9lPeFwGg6d+xy9DC0=
github.com/zeebo/xxh3 v1.0.2/go.mod h1:5NWz9Sef7zIDm2JHfFlcQvNekmcEl9ekUZQQKCYaDcA=
golang.org/x/crypto v0.49.0 h1:+Ng2ULVvLHnJ/ZFEq4KdcDd/cfjrrjjNSXNzxg0Y4U4=
golang.org/x/crypto v0.49.0/go.mod h1:ErX4dUh2UM+CFYiXZRTcMpEcN8b/1gxEuv3nODoYtCA=
golang.org/x/sys v0.42.0 h1:omrd2nAlyT5ESRdCLYdm3+fMfNFE/+Rf4bDIQImRJeo=
golang.org/x/sys v0.42.0/go.mod h1:4GL1E5IUh+htKOUEOaiffhrAeqysfVGipDYzABqnCmw=
